
Microsoft Visual Studio Solution File, Format Version 11.00
# Visual Studio 2010
Project("{FAE04EC0-301F-11D3-BF4B-00C04F79EFBC}") = "UnityEngine.UI", "UnityEngine.UI.csproj", "{E5936BBE-5076-A260-508F-90A858AA70D5}"
EndProject
Project("{FAE04EC0-301F-11D3-BF4B-00C04F79EFBC}") = "UnityEngine.TestRunner", "UnityEngine.TestRunner.csproj", "{0F3C268F-683E-B0AA-2C60-E3B51AFB2AD9}"
EndProject
Project("{FAE04EC0-301F-11D3-BF4B-00C04F79EFBC}") = "Unity.RenderPipelines.Universal.Runtime", "Unity.RenderPipelines.Universal.Runtime.csproj", "{FAD8FEE6-6029-6AEE-D36E-E3BA69C31062}"
EndProject
Project("{FAE04EC0-301F-11D3-BF4B-00C04F79EFBC}") = "Unity.TextMeshPro", "Unity.TextMeshPro.csproj", "{FB3236F8-E63F-2E27-96ED-2B52AC3A27DC}"
EndProject
Project("{FAE04EC0-301F-11D3-BF4B-00C04F79EFBC}") = "Unity.Timeline", "Unity.Timeline.csproj", "{CEE3FAFE-16C0-EE43-9BB0-28EFD89F4C42}"
EndProject
Project("{FAE04EC0-301F-11D3-BF4B-00C04F79EFBC}") = "Unity.RenderPipelines.Core.Runtime", "Unity.RenderPipelines.Core.Runtime.csproj", "{04948107-BFD3-0900-CCDD-D3215108599C}"
EndProject
Project("{FAE04EC0-301F-11D3-BF4B-00C04F79EFBC}") = "NavMeshComponentsExamples", "NavMeshComponentsExamples.csproj", "{F7C272DC-5257-A2A3-62AE-A1C0C7EBAD2C}"
EndProject
Project("{FAE04EC0-301F-11D3-BF4B-00C04F79EFBC}") = "Assembly-CSharp", "Assembly-CSharp.csproj", "{01EA2D1D-DFBB-7068-FE1B-A5989367DB16}"
EndProject
Project("{FAE04EC0-301F-11D3-BF4B-00C04F79EFBC}") = "NavMeshComponents", "NavMeshComponents.csproj", "{71D8DD49-A505-B2B5-0598-6A9478007313}"
EndProject
Project("{FAE04EC0-301F-11D3-BF4B-00C04F79EFBC}") = "NavMeshComponentsTestsPlaymode", "NavMeshComponentsTestsPlaymode.csproj", "{B573AE68-552B-056F-7284-32ABDB9AA539}"
EndProject
Project("{FAE04EC0-301F-11D3-BF4B-00C04F79EFBC}") = "Unity.RenderPipelines.ShaderGraph.ShaderGraphLibrary", "Unity.RenderPipelines.ShaderGraph.ShaderGraphLibrary.csproj", "{318A1877-B465-7E15-92EE-10FF80A83BAB}"
EndProject
Project("{FAE04EC0-301F-11D3-BF4B-00C04F79EFBC}") = "Unity.RenderPipeline.Universal.ShaderLibrary", "Unity.RenderPipeline.Universal.ShaderLibrary.csproj", "{8A9FF660-F583-1259-E024-2C1E7A3816CE}"
EndProject
Project("{FAE04EC0-301F-11D3-BF4B-00C04F79EFBC}") = "Unity.RenderPipelines.Core.ShaderLibrary", "Unity.RenderPipelines.Core.ShaderLibrary.csproj", "{CD1E60DA-135B-D2CB-71F9-81846C3CD746}"
EndProject
Project("{FAE04EC0-301F-11D3-BF4B-00C04F79EFBC}") = "Unity.RenderPipelines.Universal.Shaders", "Unity.RenderPipelines.Universal.Shaders.csproj", "{A4E108EA-96DF-984B-7493-5F3ADAE687EE}"
EndProject
Project("{FAE04EC0-301F-11D3-BF4B-00C04F79EFBC}") = "UnityEditor.TestRunner", "UnityEditor.TestRunner.csproj", "{FEC76FE8-05BC-4591-59CE-ACBB8E307D35}"
EndProject
Project("{FAE04EC0-301F-11D3-BF4B-00C04F79EFBC}") = "Unity.ShaderGraph.Editor", "Unity.ShaderGraph.Editor.csproj", "{1B362C8F-9E96-DA3B-D8E9-1F9DB57059FD}"
EndProject
Project("{FAE04EC0-301F-11D3-BF4B-00C04F79EFBC}") = "Unity.TextMeshPro.Editor", "Unity.TextMeshPro.Editor.csproj", "{5B7C062F-7A4D-96DD-4781-F4EE34B7B074}"
EndProject
Project("{FAE04EC0-301F-11D3-BF4B-00C04F79EFBC}") = "Unity.Timeline.Editor", "Unity.Timeline.Editor.csproj", "{F7B69723-7E7F-B690-675B-BA3A52840928}"
EndProject
Project("{FAE04EC0-301F-11D3-BF4B-00C04F79EFBC}") = "Unity.RenderPipelines.Universal.Editor", "Unity.RenderPipelines.Universal.Editor.csproj", "{4523D440-1E38-882C-2CBC-2331FE543FD9}"
EndProject
Project("{FAE04EC0-301F-11D3-BF4B-00C04F79EFBC}") = "UnityEditor.UI", "UnityEditor.UI.csproj", "{CD0AA7CD-8862-8E44-22B2-C660E95DFAF5}"
EndProject
Project("{FAE04EC0-301F-11D3-BF4B-00C04F79EFBC}") = "NavMeshComponentsEditor", "NavMeshComponentsEditor.csproj", "{2DE77E33-6F04-754A-BBB7-CF3BA9C423F2}"
EndProject
Project("{FAE04EC0-301F-11D3-BF4B-00C04F79EFBC}") = "Unity.Rider.Editor", "Unity.Rider.Editor.csproj", "{4A3BA764-1C72-6380-F79E-FD8C44DFC7CF}"
EndProject
Project("{FAE04EC0-301F-11D3-BF4B-00C04F79EFBC}") = "Unity.RenderPipelines.Core.Editor", "Unity.RenderPipelines.Core.Editor.csproj", "{2729678F-ACC2-D237-57E2-FF669C95B8C9}"
EndProject
Project("{FAE04EC0-301F-11D3-BF4B-00C04F79EFBC}") = "Unity.CollabProxy.Editor", "Unity.CollabProxy.Editor.csproj", "{9996E2D7-85E0-4EDF-51AE-6137A7797691}"
EndProject
Project("{FAE04EC0-301F-11D3-BF4B-00C04F79EFBC}") = "Unity.VSCode.Editor", "Unity.VSCode.Editor.csproj", "{189398C9-ED95-DD5B-DA00-78CB1AE7F62F}"
EndProject
Project("{FAE04EC0-301F-11D3-BF4B-00C04F79EFBC}") = "NavMeshComponentsTestsEditmode", "NavMeshComponentsTestsEditmode.csproj", "{187235AD-E90A-4BA4-F53D-9CD120117D24}"
EndProject
Project("{FAE04EC0-301F-11D3-BF4B-00C04F79EFBC}") = "Unity.ShaderGraph.Utilities", "Unity.ShaderGraph.Utilities.csproj", "{10BB73C4-072D-4BF5-2428-6F4B249A298E}"
EndProject
Project("{FAE04EC0-301F-11D3-BF4B-00C04F79EFBC}") = "Assembly-CSharp-Editor", "Assembly-CSharp-Editor.csproj", "{766A6C20-3374-04BD-1963-F6A5BEDD8F75}"
EndProject
Project("{FAE04EC0-301F-11D3-BF4B-00C04F79EFBC}") = "NavMeshComponentsExamplesEditor", "NavMeshComponentsExamplesEditor.csproj", "{24B3180D-0F55-E614-8ABB-7640AC9117BF}"
EndProject
Global
	GlobalSection(SolutionConfigurationPlatforms) = preSolution
		Debug|Any CPU = Debug|Any CPU
		Release|Any CPU = Release|Any CPU
	EndGlobalSection
	GlobalSection(ProjectConfigurationPlatforms) = postSolution
		{E5936BBE-5076-A260-508F-90A858AA70D5}.Debug|Any CPU.ActiveCfg = Debug|Any CPU
		{E5936BBE-5076-A260-508F-90A858AA70D5}.Debug|Any CPU.Build.0 = Debug|Any CPU
		{E5936BBE-5076-A260-508F-90A858AA70D5}.Release|Any CPU.ActiveCfg = Release|Any CPU
		{E5936BBE-5076-A260-508F-90A858AA70D5}.Release|Any CPU.Build.0 = Release|Any CPU
		{0F3C268F-683E-B0AA-2C60-E3B51AFB2AD9}.Debug|Any CPU.ActiveCfg = Debug|Any CPU
		{0F3C268F-683E-B0AA-2C60-E3B51AFB2AD9}.Debug|Any CPU.Build.0 = Debug|Any CPU
		{0F3C268F-683E-B0AA-2C60-E3B51AFB2AD9}.Release|Any CPU.ActiveCfg = Release|Any CPU
		{0F3C268F-683E-B0AA-2C60-E3B51AFB2AD9}.Release|Any CPU.Build.0 = Release|Any CPU
		{FAD8FEE6-6029-6AEE-D36E-E3BA69C31062}.Debug|Any CPU.ActiveCfg = Debug|Any CPU
		{FAD8FEE6-6029-6AEE-D36E-E3BA69C31062}.Debug|Any CPU.Build.0 = Debug|Any CPU
		{FAD8FEE6-6029-6AEE-D36E-E3BA69C31062}.Release|Any CPU.ActiveCfg = Release|Any CPU
		{FAD8FEE6-6029-6AEE-D36E-E3BA69C31062}.Release|Any CPU.Build.0 = Release|Any CPU
		{FB3236F8-E63F-2E27-96ED-2B52AC3A27DC}.Debug|Any CPU.ActiveCfg = Debug|Any CPU
		{FB3236F8-E63F-2E27-96ED-2B52AC3A27DC}.Debug|Any CPU.Build.0 = Debug|Any CPU
		{FB3236F8-E63F-2E27-96ED-2B52AC3A27DC}.Release|Any CPU.ActiveCfg = Release|Any CPU
		{FB3236F8-E63F-2E27-96ED-2B52AC3A27DC}.Release|Any CPU.Build.0 = Release|Any CPU
		{CEE3FAFE-16C0-EE43-9BB0-28EFD89F4C42}.Debug|Any CPU.ActiveCfg = Debug|Any CPU
		{CEE3FAFE-16C0-EE43-9BB0-28EFD89F4C42}.Debug|Any CPU.Build.0 = Debug|Any CPU
		{CEE3FAFE-16C0-EE43-9BB0-28EFD89F4C42}.Release|Any CPU.ActiveCfg = Release|Any CPU
		{CEE3FAFE-16C0-EE43-9BB0-28EFD89F4C42}.Release|Any CPU.Build.0 = Release|Any CPU
		{04948107-BFD3-0900-CCDD-D3215108599C}.Debug|Any CPU.ActiveCfg = Debug|Any CPU
		{04948107-BFD3-0900-CCDD-D3215108599C}.Debug|Any CPU.Build.0 = Debug|Any CPU
		{04948107-BFD3-0900-CCDD-D3215108599C}.Release|Any CPU.ActiveCfg = Release|Any CPU
		{04948107-BFD3-0900-CCDD-D3215108599C}.Release|Any CPU.Build.0 = Release|Any CPU
		{F7C272DC-5257-A2A3-62AE-A1C0C7EBAD2C}.Debug|Any CPU.ActiveCfg = Debug|Any CPU
		{F7C272DC-5257-A2A3-62AE-A1C0C7EBAD2C}.Debug|Any CPU.Build.0 = Debug|Any CPU
		{F7C272DC-5257-A2A3-62AE-A1C0C7EBAD2C}.Release|Any CPU.ActiveCfg = Release|Any CPU
		{F7C272DC-5257-A2A3-62AE-A1C0C7EBAD2C}.Release|Any CPU.Build.0 = Release|Any CPU
		{01EA2D1D-DFBB-7068-FE1B-A5989367DB16}.Debug|Any CPU.ActiveCfg = Debug|Any CPU
		{01EA2D1D-DFBB-7068-FE1B-A5989367DB16}.Debug|Any CPU.Build.0 = Debug|Any CPU
		{01EA2D1D-DFBB-7068-FE1B-A5989367DB16}.Release|Any CPU.ActiveCfg = Release|Any CPU
		{01EA2D1D-DFBB-7068-FE1B-A5989367DB16}.Release|Any CPU.Build.0 = Release|Any CPU
		{71D8DD49-A505-B2B5-0598-6A9478007313}.Debug|Any CPU.ActiveCfg = Debug|Any CPU
		{71D8DD49-A505-B2B5-0598-6A9478007313}.Debug|Any CPU.Build.0 = Debug|Any CPU
		{71D8DD49-A505-B2B5-0598-6A9478007313}.Release|Any CPU.ActiveCfg = Release|Any CPU
		{71D8DD49-A505-B2B5-0598-6A9478007313}.Release|Any CPU.Build.0 = Release|Any CPU
		{B573AE68-552B-056F-7284-32ABDB9AA539}.Debug|Any CPU.ActiveCfg = Debug|Any CPU
		{B573AE68-552B-056F-7284-32ABDB9AA539}.Debug|Any CPU.Build.0 = Debug|Any CPU
		{B573AE68-552B-056F-7284-32ABDB9AA539}.Release|Any CPU.ActiveCfg = Release|Any CPU
		{B573AE68-552B-056F-7284-32ABDB9AA539}.Release|Any CPU.Build.0 = Release|Any CPU
		{318A1877-B465-7E15-92EE-10FF80A83BAB}.Debug|Any CPU.ActiveCfg = Debug|Any CPU
		{318A1877-B465-7E15-92EE-10FF80A83BAB}.Debug|Any CPU.Build.0 = Debug|Any CPU
		{318A1877-B465-7E15-92EE-10FF80A83BAB}.Release|Any CPU.ActiveCfg = Release|Any CPU
		{318A1877-B465-7E15-92EE-10FF80A83BAB}.Release|Any CPU.Build.0 = Release|Any CPU
		{8A9FF660-F583-1259-E024-2C1E7A3816CE}.Debug|Any CPU.ActiveCfg = Debug|Any CPU
		{8A9FF660-F583-1259-E024-2C1E7A3816CE}.Debug|Any CPU.Build.0 = Debug|Any CPU
		{8A9FF660-F583-1259-E024-2C1E7A3816CE}.Release|Any CPU.ActiveCfg = Release|Any CPU
		{8A9FF660-F583-1259-E024-2C1E7A3816CE}.Release|Any CPU.Build.0 = Release|Any CPU
		{CD1E60DA-135B-D2CB-71F9-81846C3CD746}.Debug|Any CPU.ActiveCfg = Debug|Any CPU
		{CD1E60DA-135B-D2CB-71F9-81846C3CD746}.Debug|Any CPU.Build.0 = Debug|Any CPU
		{CD1E60DA-135B-D2CB-71F9-81846C3CD746}.Release|Any CPU.ActiveCfg = Release|Any CPU
		{CD1E60DA-135B-D2CB-71F9-81846C3CD746}.Release|Any CPU.Build.0 = Release|Any CPU
		{A4E108EA-96DF-984B-7493-5F3ADAE687EE}.Debug|Any CPU.ActiveCfg = Debug|Any CPU
		{A4E108EA-96DF-984B-7493-5F3ADAE687EE}.Debug|Any CPU.Build.0 = Debug|Any CPU
		{A4E108EA-96DF-984B-7493-5F3ADAE687EE}.Release|Any CPU.ActiveCfg = Release|Any CPU
		{A4E108EA-96DF-984B-7493-5F3ADAE687EE}.Release|Any CPU.Build.0 = Release|Any CPU
		{FEC76FE8-05BC-4591-59CE-ACBB8E307D35}.Debug|Any CPU.ActiveCfg = Debug|Any CPU
		{FEC76FE8-05BC-4591-59CE-ACBB8E307D35}.Debug|Any CPU.Build.0 = Debug|Any CPU
		{FEC76FE8-05BC-4591-59CE-ACBB8E307D35}.Release|Any CPU.ActiveCfg = Release|Any CPU
		{FEC76FE8-05BC-4591-59CE-ACBB8E307D35}.Release|Any CPU.Build.0 = Release|Any CPU
		{1B362C8F-9E96-DA3B-D8E9-1F9DB57059FD}.Debug|Any CPU.ActiveCfg = Debug|Any CPU
		{1B362C8F-9E96-DA3B-D8E9-1F9DB57059FD}.Debug|Any CPU.Build.0 = Debug|Any CPU
		{1B362C8F-9E96-DA3B-D8E9-1F9DB57059FD}.Release|Any CPU.ActiveCfg = Release|Any CPU
		{1B362C8F-9E96-DA3B-D8E9-1F9DB57059FD}.Release|Any CPU.Build.0 = Release|Any CPU
		{5B7C062F-7A4D-96DD-4781-F4EE34B7B074}.Debug|Any CPU.ActiveCfg = Debug|Any CPU
		{5B7C062F-7A4D-96DD-4781-F4EE34B7B074}.Debug|Any CPU.Build.0 = Debug|Any CPU
		{5B7C062F-7A4D-96DD-4781-F4EE34B7B074}.Release|Any CPU.ActiveCfg = Release|Any CPU
		{5B7C062F-7A4D-96DD-4781-F4EE34B7B074}.Release|Any CPU.Build.0 = Release|Any CPU
		{F7B69723-7E7F-B690-675B-BA3A52840928}.Debug|Any CPU.ActiveCfg = Debug|Any CPU
		{F7B69723-7E7F-B690-675B-BA3A52840928}.Debug|Any CPU.Build.0 = Debug|Any CPU
		{F7B69723-7E7F-B690-675B-BA3A52840928}.Release|Any CPU.ActiveCfg = Release|Any CPU
		{F7B69723-7E7F-B690-675B-BA3A52840928}.Release|Any CPU.Build.0 = Release|Any CPU
		{4523D440-1E38-882C-2CBC-2331FE543FD9}.Debug|Any CPU.ActiveCfg = Debug|Any CPU
		{4523D440-1E38-882C-2CBC-2331FE543FD9}.Debug|Any CPU.Build.0 = Debug|Any CPU
		{4523D440-1E38-882C-2CBC-2331FE543FD9}.Release|Any CPU.ActiveCfg = Release|Any CPU
		{4523D440-1E38-882C-2CBC-2331FE543FD9}.Release|Any CPU.Build.0 = Release|Any CPU
		{CD0AA7CD-8862-8E44-22B2-C660E95DFAF5}.Debug|Any CPU.ActiveCfg = Debug|Any CPU
		{CD0AA7CD-8862-8E44-22B2-C660E95DFAF5}.Debug|Any CPU.Build.0 = Debug|Any CPU
		{CD0AA7CD-8862-8E44-22B2-C660E95DFAF5}.Release|Any CPU.ActiveCfg = Release|Any CPU
		{CD0AA7CD-8862-8E44-22B2-C660E95DFAF5}.Release|Any CPU.Build.0 = Release|Any CPU
		{2DE77E33-6F04-754A-BBB7-CF3BA9C423F2}.Debug|Any CPU.ActiveCfg = Debug|Any CPU
		{2DE77E33-6F04-754A-BBB7-CF3BA9C423F2}.Debug|Any CPU.Build.0 = Debug|Any CPU
		{2DE77E33-6F04-754A-BBB7-CF3BA9C423F2}.Release|Any CPU.ActiveCfg = Release|Any CPU
		{2DE77E33-6F04-754A-BBB7-CF3BA9C423F2}.Release|Any CPU.Build.0 = Release|Any CPU
		{4A3BA764-1C72-6380-F79E-FD8C44DFC7CF}.Debug|Any CPU.ActiveCfg = Debug|Any CPU
		{4A3BA764-1C72-6380-F79E-FD8C44DFC7CF}.Debug|Any CPU.Build.0 = Debug|Any CPU
		{4A3BA764-1C72-6380-F79E-FD8C44DFC7CF}.Release|Any CPU.ActiveCfg = Release|Any CPU
		{4A3BA764-1C72-6380-F79E-FD8C44DFC7CF}.Release|Any CPU.Build.0 = Release|Any CPU
		{2729678F-ACC2-D237-57E2-FF669C95B8C9}.Debug|Any CPU.ActiveCfg = Debug|Any CPU
		{2729678F-ACC2-D237-57E2-FF669C95B8C9}.Debug|Any CPU.Build.0 = Debug|Any CPU
		{2729678F-ACC2-D237-57E2-FF669C95B8C9}.Release|Any CPU.ActiveCfg = Release|Any CPU
		{2729678F-ACC2-D237-57E2-FF669C95B8C9}.Release|Any CPU.Build.0 = Release|Any CPU
		{9996E2D7-85E0-4EDF-51AE-6137A7797691}.Debug|Any CPU.ActiveCfg = Debug|Any CPU
		{9996E2D7-85E0-4EDF-51AE-6137A7797691}.Debug|Any CPU.Build.0 = Debug|Any CPU
		{9996E2D7-85E0-4EDF-51AE-6137A7797691}.Release|Any CPU.ActiveCfg = Release|Any CPU
		{9996E2D7-85E0-4EDF-51AE-6137A7797691}.Release|Any CPU.Build.0 = Release|Any CPU
		{189398C9-ED95-DD5B-DA00-78CB1AE7F62F}.Debug|Any CPU.ActiveCfg = Debug|Any CPU
		{189398C9-ED95-DD5B-DA00-78CB1AE7F62F}.Debug|Any CPU.Build.0 = Debug|Any CPU
		{189398C9-ED95-DD5B-DA00-78CB1AE7F62F}.Release|Any CPU.ActiveCfg = Release|Any CPU
		{189398C9-ED95-DD5B-DA00-78CB1AE7F62F}.Release|Any CPU.Build.0 = Release|Any CPU
		{187235AD-E90A-4BA4-F53D-9CD120117D24}.Debug|Any CPU.ActiveCfg = Debug|Any CPU
		{187235AD-E90A-4BA4-F53D-9CD120117D24}.Debug|Any CPU.Build.0 = Debug|Any CPU
		{187235AD-E90A-4BA4-F53D-9CD120117D24}.Release|Any CPU.ActiveCfg = Release|Any CPU
		{187235AD-E90A-4BA4-F53D-9CD120117D24}.Release|Any CPU.Build.0 = Release|Any CPU
		{10BB73C4-072D-4BF5-2428-6F4B249A298E}.Debug|Any CPU.ActiveCfg = Debug|Any CPU
		{10BB73C4-072D-4BF5-2428-6F4B249A298E}.Debug|Any CPU.Build.0 = Debug|Any CPU
		{10BB73C4-072D-4BF5-2428-6F4B249A298E}.Release|Any CPU.ActiveCfg = Release|Any CPU
		{10BB73C4-072D-4BF5-2428-6F4B249A298E}.Release|Any CPU.Build.0 = Release|Any CPU
		{766A6C20-3374-04BD-1963-F6A5BEDD8F75}.Debug|Any CPU.ActiveCfg = Debug|Any CPU
		{766A6C20-3374-04BD-1963-F6A5BEDD8F75}.Debug|Any CPU.Build.0 = Debug|Any CPU
		{766A6C20-3374-04BD-1963-F6A5BEDD8F75}.Release|Any CPU.ActiveCfg = Release|Any CPU
		{766A6C20-3374-04BD-1963-F6A5BEDD8F75}.Release|Any CPU.Build.0 = Release|Any CPU
		{24B3180D-0F55-E614-8ABB-7640AC9117BF}.Debug|Any CPU.ActiveCfg = Debug|Any CPU
		{24B3180D-0F55-E614-8ABB-7640AC9117BF}.Debug|Any CPU.Build.0 = Debug|Any CPU
		{24B3180D-0F55-E614-8ABB-7640AC9117BF}.Release|Any CPU.ActiveCfg = Release|Any CPU
		{24B3180D-0F55-E614-8ABB-7640AC9117BF}.Release|Any CPU.Build.0 = Release|Any CPU
	EndGlobalSection
	GlobalSection(SolutionProperties) = preSolution
		HideSolutionNode = FALSE
	EndGlobalSection
EndGlobal
